<?xml version="1.0" encoding="utf-8"?>
<Project ToolsVersion="4.0" xmlns="http://schemas.microsoft.com/developer/msbuild/2003">
  <ItemGroup>
    <Filter Include="Source Files">
      <UniqueIdentifier>{4FC737F1-C7A5-4376-A066-2A32D752A2FF}</UniqueIdentifier>
      <Extensions>cpp;c;cc;cxx;def;odl;idl;hpj;bat;asm;asmx</Extensions>
    </Filter>
    <Filter Include="Header Files">
      <UniqueIdentifier>{93995380-89BD-4b04-88EB-625FBE52EBFB}</UniqueIdentifier>
      <Extensions>h;hh;hpp;hxx;hm;inl;inc;ipp;xsd</Extensions>
    </Filter>
    <Filter Include="Resource Files">
      <UniqueIdentifier>{67DA6AB6-F800-4c08-8B7A-83BB121AAD01}</UniqueIdentifier>
      <Extensions>rc;ico;cur;bmp;dlg;rc2;rct;bin;rgs;gif;jpg;jpeg;jpe;resx;tiff;tif;png;wav;mfcribbon-ms</Extensions>
    </Filter>
    <Filter Include="Header Files\core">
      <UniqueIdentifier>{63445324-09fe-4b9c-8c32-640f66e97f6d}</UniqueIdentifier>
    </Filter>
    <Filter Include="Header Files\code">
      <UniqueIdentifier>{aef21d3e-9648-4830-8174-4edb0bfd8550}</UniqueIdentifier>
    </Filter>
  </ItemGroup>
  <ItemGroup>
    <ClInclude Include="framework.h">
      <Filter>Header Files</Filter>
    </ClInclude>
    <ClInclude Include="targetver.h">
      <Filter>Header Files</Filter>
    </ClInclude>
    <ClInclude Include="Resource.h">
      <Filter>Header Files</Filter>
    </ClInclude>
    <ClInclude Include="core\App.h">
      <Filter>Header Files\core</Filter>
    </ClInclude>
    <ClInclude Include="core\FileFunctions.h">
      <Filter>Header Files\core</Filter>
    </ClInclude>
    <ClInclude Include="core\IniReader.h">
      <Filter>Header Files\core</Filter>
    </ClInclude>
    <ClInclude Include="code\MKArchive.h">
      <Filter>Header Files\code</Filter>
    </ClInclude>
    <ClInclude Include="code\SSFExplorer.h">
      <Filter>Header Files\code</Filter>
    </ClInclude>
    <ClInclude Include="code\MKScript.h">
      <Filter>Header Files\code</Filter>
    </ClInclude>
    <ClInclude Include="code\image.h">
      <Filter>Header Files\code</Filter>
    </ClInclude>
  </ItemGroup>
  <ItemGroup>
    <ClCompile Include="core\App.cpp">
      <Filter>Header Files\core</Filter>
    </ClCompile>
    <ClCompile Include="core\FileFunctions.cpp">
      <Filter>Header Files\core</Filter>
    </ClCompile>
    <ClCompile Include="core\IniReader.cpp">
      <Filter>Header Files\core</Filter>
    </ClCompile>
    <ClCompile Include="code\SSFExplorer.cpp">
      <Filter>Header Files\code</Filter>
    </ClCompile>
    <ClCompile Include="main.cpp">
      <Filter>Source Files</Filter>
    </ClCompile>
    <ClCompile Include="code\MKArchive.cpp">
      <Filter>Header Files\code</Filter>
    </ClCompile>
    <ClCompile Include="code\image.cpp">
      <Filter>Header Files\code</Filter>
    </ClCompile>
  </ItemGroup>
  <ItemGroup>
    <ResourceCompile Include="SSFExplorer.rc">
      <Filter>Resource Files</Filter>
    </ResourceCompile>
  </ItemGroup>
  <ItemGroup>
    <Image Include="small.ico">
      <Filter>Resource Files</Filter>
    </Image>
    <Image Include="SSFExplorer.ico">
      <Filter>Resource Files</Filter>
    </Image>
  </ItemGroup>
</Project>